
Microsoft Visual Studio Solution File, Format Version 12.00
# Visual Studio Version 17
VisualStudioVersion = 17.5.33414.496
MinimumVisualStudioVersion = 10.0.40219.1
Project("{FAE04EC0-301F-11D3-BF4B-00C04F79EFBC}") = "TestingArea", "TestingArea\TestingArea.csproj", "{1258463A-3878-4BD6-8F55-1D8AC509772D}"
EndProject
Global
	GlobalSection(SolutionConfigurationPlatforms) = preSolution
		Debug|Any CPU = Debug|Any CPU
		Release|Any CPU = Release|Any CPU
	EndGlobalSection
	GlobalSection(ProjectConfigurationPlatforms) = postSolution
		{1258463A-3878-4BD6-8F55-1D8AC509772D}.Debug|Any CPU.ActiveCfg = Debug|Any CPU
		{1258463A-3878-4BD6-8F55-1D8AC509772D}.Debug|Any CPU.Build.0 = Debug|Any CPU
		{1258463A-3878-4BD6-8F55-1D8AC509772D}.Release|Any CPU.ActiveCfg = Release|Any CPU
		{1258463A-3878-4BD6-8F55-1D8AC509772D}.Release|Any CPU.Build.0 = Release|Any CPU
	EndGlobalSection
	GlobalSection(SolutionProperties) = preSolution
		HideSolutionNode = FALSE
	EndGlobalSection
	GlobalSection(ExtensibilityGlobals) = postSolution
		SolutionGuid = {7E510F27-9A04-448C-B645-58D883ECDFB3}
	EndGlobalSection
EndGlobal
